// !$*UTF8*$!
{
	archiveVersion = 1;
	classes = {
	};
	objectVersion = 50;
	objects = {

/* Begin PBXBuildFile section */
		BD70135BB61E48F5E71EAF45 /* Pods_FlightClient.framework in Frameworks */ = {isa = PBXBuildFile; fileRef = 9D29E417B469EB72AC992237 /* Pods_FlightClient.framework */; };
		BE0C76872281D836003B0B19 /* JWTTokens.swift in Sources */ = {isa = PBXBuildFile; fileRef = BE0C76862281D836003B0B19 /* JWTTokens.swift */; };
		BE5B7A692248FF0F00BEE7C6 /* ApiResult.swift in Sources */ = {isa = PBXBuildFile; fileRef = BE5B7A682248FF0F00BEE7C6 /* ApiResult.swift */; };
		BE5B7A6B2248FFAB00BEE7C6 /* UserInfo.swift in Sources */ = {isa = PBXBuildFile; fileRef = BE5B7A6A2248FFAB00BEE7C6 /* UserInfo.swift */; };
		BE67F4552284332A00C4F63F /* UserRouter.swift in Sources */ = {isa = PBXBuildFile; fileRef = BE67F4542284332A00C4F63F /* UserRouter.swift */; };
		BE67F4572284810A00C4F63F /* Environment.swift in Sources */ = {isa = PBXBuildFile; fileRef = BE67F4562284810A00C4F63F /* Environment.swift */; };
		BE67F45A2284871000C4F63F /* JWTManager.swift in Sources */ = {isa = PBXBuildFile; fileRef = BE67F4592284871000C4F63F /* JWTManager.swift */; };
		BEA740742212EEB0006D8610 /* LaunchContract.swift in Sources */ = {isa = PBXBuildFile; fileRef = BEA740732212EEB0006D8610 /* LaunchContract.swift */; };
		BEA740762212EF50006D8610 /* LaunchPresenter.swift in Sources */ = {isa = PBXBuildFile; fileRef = BEA740752212EF50006D8610 /* LaunchPresenter.swift */; };
		BEA740782212F03E006D8610 /* LaunchInteractor.swift in Sources */ = {isa = PBXBuildFile; fileRef = BEA740772212F03E006D8610 /* LaunchInteractor.swift */; };
		BEA7407A22131773006D8610 /* LaunchCoordinator.swift in Sources */ = {isa = PBXBuildFile; fileRef = BEA7407922131773006D8610 /* LaunchCoordinator.swift */; };
		BEA7407D2213181B006D8610 /* ViewController+Storyboard.swift in Sources */ = {isa = PBXBuildFile; fileRef = BEA7407C2213181B006D8610 /* ViewController+Storyboard.swift */; };
		BEA7408122131A32006D8610 /* LaunchViewController.swift in Sources */ = {isa = PBXBuildFile; fileRef = BEA7408022131A32006D8610 /* LaunchViewController.swift */; };
		BEC80D062212E82400156B65 /* AppDelegate.swift in Sources */ = {isa = PBXBuildFile; fileRef = BEC80D052212E82400156B65 /* AppDelegate.swift */; };
		BEC80D082212E82400156B65 /* ViewController.swift in Sources */ = {isa = PBXBuildFile; fileRef = BEC80D072212E82400156B65 /* ViewController.swift */; };
		BEC80D0B2212E82400156B65 /* Main.storyboard in Resources */ = {isa = PBXBuildFile; fileRef = BEC80D092212E82400156B65 /* Main.storyboard */; };
		BEC80D0D2212E82600156B65 /* Assets.xcassets in Resources */ = {isa = PBXBuildFile; fileRef = BEC80D0C2212E82600156B65 /* Assets.xcassets */; };
		BEC80D102212E82600156B65 /* LaunchScreen.storyboard in Resources */ = {isa = PBXBuildFile; fileRef = BEC80D0E2212E82600156B65 /* LaunchScreen.storyboard */; };
/* End PBXBuildFile section */

/* Begin PBXFileReference section */
		2981867433D9A73491B5B419 /* Pods-FlightClient.release.xcconfig */ = {isa = PBXFileReference; includeInIndex = 1; lastKnownFileType = text.xcconfig; name = "Pods-FlightClient.release.xcconfig"; path = "Pods/Target Support Files/Pods-FlightClient/Pods-FlightClient.release.xcconfig"; sourceTree = "<group>"; };
		94EBD862B0E994EFCBEB67E6 /* Pods-FlightClient.debug.xcconfig */ = {isa = PBXFileReference; includeInIndex = 1; lastKnownFileType = text.xcconfig; name = "Pods-FlightClient.debug.xcconfig"; path = "Pods/Target Support Files/Pods-FlightClient/Pods-FlightClient.debug.xcconfig"; sourceTree = "<group>"; };
		9D29E417B469EB72AC992237 /* Pods_FlightClient.framework */ = {isa = PBXFileReference; explicitFileType = wrapper.framework; includeInIndex = 0; path = Pods_FlightClient.framework; sourceTree = BUILT_PRODUCTS_DIR; };
		BE0C76862281D836003B0B19 /* JWTTokens.swift */ = {isa = PBXFileReference; lastKnownFileType = sourcecode.swift; path = JWTTokens.swift; sourceTree = "<group>"; };
		BE5B7A682248FF0F00BEE7C6 /* ApiResult.swift */ = {isa = PBXFileReference; lastKnownFileType = sourcecode.swift; path = ApiResult.swift; sourceTree = "<group>"; };
		BE5B7A6A2248FFAB00BEE7C6 /* UserInfo.swift */ = {isa = PBXFileReference; lastKnownFileType = sourcecode.swift; path = UserInfo.swift; sourceTree = "<group>"; };
		BE67F4542284332A00C4F63F /* UserRouter.swift */ = {isa = PBXFileReference; lastKnownFileType = sourcecode.swift; path = UserRouter.swift; sourceTree = "<group>"; };
		BE67F4562284810A00C4F63F /* Environment.swift */ = {isa = PBXFileReference; lastKnownFileType = sourcecode.swift; path = Environment.swift; sourceTree = "<group>"; };
		BE67F4592284871000C4F63F /* JWTManager.swift */ = {isa = PBXFileReference; lastKnownFileType = sourcecode.swift; path = JWTManager.swift; sourceTree = "<group>"; };
		BEA740732212EEB0006D8610 /* LaunchContract.swift */ = {isa = PBXFileReference; lastKnownFileType = sourcecode.swift; path = LaunchContract.swift; sourceTree = "<group>"; };
		BEA740752212EF50006D8610 /* LaunchPresenter.swift */ = {isa = PBXFileReference; lastKnownFileType = sourcecode.swift; path = LaunchPresenter.swift; sourceTree = "<group>"; };
		BEA740772212F03E006D8610 /* LaunchInteractor.swift */ = {isa = PBXFileReference; lastKnownFileType = sourcecode.swift; path = LaunchInteractor.swift; sourceTree = "<group>"; };
		BEA7407922131773006D8610 /* LaunchCoordinator.swift */ = {isa = PBXFileReference; lastKnownFileType = sourcecode.swift; path = LaunchCoordinator.swift; sourceTree = "<group>"; };
		BEA7407C2213181B006D8610 /* ViewController+Storyboard.swift */ = {isa = PBXFileReference; lastKnownFileType = sourcecode.swift; path = "ViewController+Storyboard.swift"; sourceTree = "<group>"; };
		BEA7408022131A32006D8610 /* LaunchViewController.swift */ = {isa = PBXFileReference; lastKnownFileType = sourcecode.swift; path = LaunchViewController.swift; sourceTree = "<group>"; };
		BEC80D022212E82400156B65 /* FlightClient.app */ = {isa = PBXFileReference; explicitFileType = wrapper.application; includeInIndex = 0; path = FlightClient.app; sourceTree = BUILT_PRODUCTS_DIR; };
		BEC80D052212E82400156B65 /* AppDelegate.swift */ = {isa = PBXFileReference; lastKnownFileType = sourcecode.swift; path = AppDelegate.swift; sourceTree = "<group>"; };
		BEC80D072212E82400156B65 /* ViewController.swift */ = {isa = PBXFileReference; lastKnownFileType = sourcecode.swift; path = ViewController.swift; sourceTree = "<group>"; };
		BEC80D0A2212E82400156B65 /* Base */ = {isa = PBXFileReference; lastKnownFileType = file.storyboard; name = Base; path = Base.lproj/Main.storyboard; sourceTree = "<group>"; };
		BEC80D0C2212E82600156B65 /* Assets.xcassets */ = {isa = PBXFileReference; lastKnownFileType = folder.assetcatalog; path = Assets.xcassets; sourceTree = "<group>"; };
		BEC80D0F2212E82600156B65 /* Base */ = {isa = PBXFileReference; lastKnownFileType = file.storyboard; name = Base; path = Base.lproj/LaunchScreen.storyboard; sourceTree = "<group>"; };
		BEC80D112212E82600156B65 /* Info.plist */ = {isa = PBXFileReference; lastKnownFileType = text.plist.xml; path = Info.plist; sourceTree = "<group>"; };
/* End PBXFileReference section */

/* Begin PBXFrameworksBuildPhase section */
		BEC80CFF2212E82400156B65 /* Frameworks */ = {
			isa = PBXFrameworksBuildPhase;
			buildActionMask = 2147483647;
			files = (
				BD70135BB61E48F5E71EAF45 /* Pods_FlightClient.framework in Frameworks */,
			);
			runOnlyForDeploymentPostprocessing = 0;
		};
/* End PBXFrameworksBuildPhase section */

/* Begin PBXGroup section */
		B6BC7433D6E45F7B5CCF1889 /* Pods */ = {
			isa = PBXGroup;
			children = (
				94EBD862B0E994EFCBEB67E6 /* Pods-FlightClient.debug.xcconfig */,
				2981867433D9A73491B5B419 /* Pods-FlightClient.release.xcconfig */,
			);
			name = Pods;
			sourceTree = "<group>";
		};
		BE5B7A672248FEFC00BEE7C6 /* Models */ = {
			isa = PBXGroup;
			children = (
				BE5B7A682248FF0F00BEE7C6 /* ApiResult.swift */,
				BE5B7A6A2248FFAB00BEE7C6 /* UserInfo.swift */,
				BE0C76862281D836003B0B19 /* JWTTokens.swift */,
			);
			path = Models;
			sourceTree = "<group>";
		};
		BE67F458228486FB00C4F63F /* JWT */ = {
			isa = PBXGroup;
			children = (
				BE67F4592284871000C4F63F /* JWTManager.swift */,
			);
			path = JWT;
			sourceTree = "<group>";
		};
		BE8027842242554A00DA8690 /* Configuration */ = {
			isa = PBXGroup;
			children = (
				BE67F4562284810A00C4F63F /* Environment.swift */,
			);
			path = Configuration;
			sourceTree = "<group>";
		};
		BE802787224256D000DA8690 /* Routes */ = {
			isa = PBXGroup;
			children = (
				BE67F4542284332A00C4F63F /* UserRouter.swift */,
			);
			path = Routes;
			sourceTree = "<group>";
		};
		BEA740722212EE85006D8610 /* Launch */ = {
			isa = PBXGroup;
			children = (
				BEA740732212EEB0006D8610 /* LaunchContract.swift */,
				BEA740752212EF50006D8610 /* LaunchPresenter.swift */,
				BEA740772212F03E006D8610 /* LaunchInteractor.swift */,
				BEA7407922131773006D8610 /* LaunchCoordinator.swift */,
				BEA7408022131A32006D8610 /* LaunchViewController.swift */,
			);
			path = Launch;
			sourceTree = "<group>";
		};
		BEA7407B221317FF006D8610 /* Extensions */ = {
			isa = PBXGroup;
			children = (
				BEA7407C2213181B006D8610 /* ViewController+Storyboard.swift */,
			);
			path = Extensions;
			sourceTree = "<group>";
		};
		BEC80CF92212E82400156B65 = {
			isa = PBXGroup;
			children = (
				BEC80D042212E82400156B65 /* FlightClient */,
				BEC80D032212E82400156B65 /* Products */,
				B6BC7433D6E45F7B5CCF1889 /* Pods */,
				FEB6A11507D389F27243F06A /* Frameworks */,
			);
			sourceTree = "<group>";
		};
		BEC80D032212E82400156B65 /* Products */ = {
			isa = PBXGroup;
			children = (
				BEC80D022212E82400156B65 /* FlightClient.app */,
			);
			name = Products;
			sourceTree = "<group>";
		};
		BEC80D042212E82400156B65 /* FlightClient */ = {
			isa = PBXGroup;
			children = (
				BE67F458228486FB00C4F63F /* JWT */,
				BE5B7A672248FEFC00BEE7C6 /* Models */,
				BE802787224256D000DA8690 /* Routes */,
				BE8027842242554A00DA8690 /* Configuration */,
				BEA7407B221317FF006D8610 /* Extensions */,
				BEA740722212EE85006D8610 /* Launch */,
				BEC80D052212E82400156B65 /* AppDelegate.swift */,
				BEC80D072212E82400156B65 /* ViewController.swift */,
				BEC80D092212E82400156B65 /* Main.storyboard */,
				BEC80D0C2212E82600156B65 /* Assets.xcassets */,
				BEC80D0E2212E82600156B65 /* LaunchScreen.storyboard */,
				BEC80D112212E82600156B65 /* Info.plist */,
			);
			path = FlightClient;
			sourceTree = "<group>";
		};
		FEB6A11507D389F27243F06A /* Frameworks */ = {
			isa = PBXGroup;
			children = (
				9D29E417B469EB72AC992237 /* Pods_FlightClient.framework */,
			);
			name = Frameworks;
			sourceTree = "<group>";
		};
/* End PBXGroup section */

/* Begin PBXNativeTarget section */
		BEC80D012212E82400156B65 /* FlightClient */ = {
			isa = PBXNativeTarget;
			buildConfigurationList = BEC80D142212E82600156B65 /* Build configuration list for PBXNativeTarget "FlightClient" */;
			buildPhases = (
				D0396DA278D21D8310DCB9A9 /* [CP] Check Pods Manifest.lock */,
				BEC80CFE2212E82400156B65 /* Sources */,
				BEFAE2262219B8CE0027A7B6 /* Run Script */,
				BEC80CFF2212E82400156B65 /* Frameworks */,
				BEC80D002212E82400156B65 /* Resources */,
				846E3EB73515BF5423882EDD /* [CP] Embed Pods Frameworks */,
			);
			buildRules = (
			);
			dependencies = (
			);
			name = FlightClient;
			productName = FlightClient;
			productReference = BEC80D022212E82400156B65 /* FlightClient.app */;
			productType = "com.apple.product-type.application";
		};
/* End PBXNativeTarget section */

/* Begin PBXProject section */
		BEC80CFA2212E82400156B65 /* Project object */ = {
			isa = PBXProject;
			attributes = {
				LastSwiftUpdateCheck = 1010;
				LastUpgradeCheck = 1010;
				ORGANIZATIONNAME = "Jose Garcia";
				TargetAttributes = {
					BEC80D012212E82400156B65 = {
						CreatedOnToolsVersion = 10.1;
						LastSwiftMigration = 1020;
					};
				};
			};
			buildConfigurationList = BEC80CFD2212E82400156B65 /* Build configuration list for PBXProject "FlightClient" */;
			compatibilityVersion = "Xcode 9.3";
			developmentRegion = en;
			hasScannedForEncodings = 0;
			knownRegions = (
				en,
				Base,
			);
			mainGroup = BEC80CF92212E82400156B65;
			productRefGroup = BEC80D032212E82400156B65 /* Products */;
			projectDirPath = "";
			projectRoot = "";
			targets = (
				BEC80D012212E82400156B65 /* FlightClient */,
			);
		};
/* End PBXProject section */

/* Begin PBXResourcesBuildPhase section */
		BEC80D002212E82400156B65 /* Resources */ = {
			isa = PBXResourcesBuildPhase;
			buildActionMask = 2147483647;
			files = (
				BEC80D102212E82600156B65 /* LaunchScreen.storyboard in Resources */,
				BEC80D0D2212E82600156B65 /* Assets.xcassets in Resources */,
				BEC80D0B2212E82400156B65 /* Main.storyboard in Resources */,
			);
			runOnlyForDeploymentPostprocessing = 0;
		};
/* End PBXResourcesBuildPhase section */

/* Begin PBXShellScriptBuildPhase section */
		846E3EB73515BF5423882EDD /* [CP] Embed Pods Frameworks */ = {
			isa = PBXShellScriptBuildPhase;
			buildActionMask = 2147483647;
			files = (
			);
			inputFileListPaths = (
			);
			inputPaths = (
				"${SRCROOT}/Pods/Target Support Files/Pods-FlightClient/Pods-FlightClient-frameworks.sh",
				"${BUILT_PRODUCTS_DIR}/SwiftyJSON/SwiftyJSON.framework",
				"${BUILT_PRODUCTS_DIR}/TermiNetwork/TermiNetwork.framework",
			);
			name = "[CP] Embed Pods Frameworks";
			outputFileListPaths = (
			);
			outputPaths = (
				"${TARGET_BUILD_DIR}/${FRAMEWORKS_FOLDER_PATH}/SwiftyJSON.framework",
				"${TARGET_BUILD_DIR}/${FRAMEWORKS_FOLDER_PATH}/TermiNetwork.framework",
			);
			runOnlyForDeploymentPostprocessing = 0;
			shellPath = /bin/sh;
			shellScript = "\"${SRCROOT}/Pods/Target Support Files/Pods-FlightClient/Pods-FlightClient-frameworks.sh\"\n";
			showEnvVarsInLog = 0;
		};
		BEFAE2262219B8CE0027A7B6 /* Run Script */ = {
			isa = PBXShellScriptBuildPhase;
			buildActionMask = 2147483647;
			files = (
			);
			inputFileListPaths = (
			);
			inputPaths = (
			);
			name = "Run Script";
			outputFileListPaths = (
			);
			outputPaths = (
			);
			runOnlyForDeploymentPostprocessing = 0;
			shellPath = /bin/sh;
			shellScript = "${PODS_ROOT}/SwiftLint/swiftlint\n";
		};
		D0396DA278D21D8310DCB9A9 /* [CP] Check Pods Manifest.lock */ = {
			isa = PBXShellScriptBuildPhase;
			buildActionMask = 2147483647;
			files = (
			);
			inputFileListPaths = (
			);
			inputPaths = (
				"${PODS_PODFILE_DIR_PATH}/Podfile.lock",
				"${PODS_ROOT}/Manifest.lock",
			);
			name = "[CP] Check Pods Manifest.lock";
			outputFileListPaths = (
			);
			outputPaths = (
				"$(DERIVED_FILE_DIR)/Pods-FlightClient-checkManifestLockResult.txt",
			);
			runOnlyForDeploymentPostprocessing = 0;
			shellPath = /bin/sh;
			shellScript = "diff \"${PODS_PODFILE_DIR_PATH}/Podfile.lock\" \"${PODS_ROOT}/Manifest.lock\" > /dev/null\nif [ $? != 0 ] ; then\n    # print error to STDERR\n    echo \"error: The sandbox is not in sync with the Podfile.lock. Run 'pod install' or update your CocoaPods installation.\" >&2\n    exit 1\nfi\n# This output is used by Xcode 'outputs' to avoid re-running this script phase.\necho \"SUCCESS\" > \"${SCRIPT_OUTPUT_FILE_0}\"\n";
			showEnvVarsInLog = 0;
		};
/* End PBXShellScriptBuildPhase section */

/* Begin PBXSourcesBuildPhase section */
		BEC80CFE2212E82400156B65 /* Sources */ = {
			isa = PBXSourcesBuildPhase;
			buildActionMask = 2147483647;
			files = (
				BEC80D082212E82400156B65 /* ViewController.swift in Sources */,
				BEA740742212EEB0006D8610 /* LaunchContract.swift in Sources */,
				BEC80D062212E82400156B65 /* AppDelegate.swift in Sources */,
				BE67F4572284810A00C4F63F /* Environment.swift in Sources */,
				BE5B7A6B2248FFAB00BEE7C6 /* UserInfo.swift in Sources */,
				BEA740762212EF50006D8610 /* LaunchPresenter.swift in Sources */,
				BEA740782212F03E006D8610 /* LaunchInteractor.swift in Sources */,
				BEA7407D2213181B006D8610 /* ViewController+Storyboard.swift in Sources */,
				BE0C76872281D836003B0B19 /* JWTTokens.swift in Sources */,
				BEA7407A22131773006D8610 /* LaunchCoordinator.swift in Sources */,
				BE67F4552284332A00C4F63F /* UserRouter.swift in Sources */,
				BE5B7A692248FF0F00BEE7C6 /* ApiResult.swift in Sources */,
				BEA7408122131A32006D8610 /* LaunchViewController.swift in Sources */,
				BE67F45A2284871000C4F63F /* JWTManager.swift in Sources */,
			);
			runOnlyForDeploymentPostprocessing = 0;
		};
/* End PBXSourcesBuildPhase section */

/* Begin PBXVariantGroup section */
		BEC80D092212E82400156B65 /* Main.storyboard */ = {
			isa = PBXVariantGroup;
			children = (
				BEC80D0A2212E82400156B65 /* Base */,
			);
			name = Main.storyboard;
			sourceTree = "<group>";
		};
		BEC80D0E2212E82600156B65 /* LaunchScreen.storyboard */ = {
			isa = PBXVariantGroup;
			children = (
				BEC80D0F2212E82600156B65 /* Base */,
			);
			name = LaunchScreen.storyboard;
			sourceTree = "<group>";
		};
/* End PBXVariantGroup section */

/* Begin XCBuildConfiguration section */
		BEC80D122212E82600156B65 /* Debug */ = {
			isa = XCBuildConfiguration;
			buildSettings = {
				ALWAYS_SEARCH_USER_PATHS = NO;
				CLANG_ANALYZER_NONNULL = YES;
				CLANG_ANALYZER_NUMBER_OBJECT_CONVERSION = YES_AGGRESSIVE;
				CLANG_CXX_LANGUAGE_STANDARD = "gnu++14";
				CLANG_CXX_LIBRARY = "libc++";
				CLANG_ENABLE_MODULES = YES;
				CLANG_ENABLE_OBJC_ARC = YES;
				CLANG_ENABLE_OBJC_WEAK = YES;
				CLANG_WARN_BLOCK_CAPTURE_AUTORELEASING = YES;
				CLANG_WARN_BOOL_CONVERSION = YES;
				CLANG_WARN_COMMA = YES;
				CLANG_WARN_CONSTANT_CONVERSION = YES;
				CLANG_WARN_DEPRECATED_OBJC_IMPLEMENTATIONS = YES;
				CLANG_WARN_DIRECT_OBJC_ISA_USAGE = YES_ERROR;
				CLANG_WARN_DOCUMENTATION_COMMENTS = YES;
				CLANG_WARN_EMPTY_BODY = YES;
				CLANG_WARN_ENUM_CONVERSION = YES;
				CLANG_WARN_INFINITE_RECURSION = YES;
				CLANG_WARN_INT_CONVERSION = YES;
				CLANG_WARN_NON_LITERAL_NULL_CONVERSION = YES;
				CLANG_WARN_OBJC_IMPLICIT_RETAIN_SELF = YES;
				CLANG_WARN_OBJC_LITERAL_CONVERSION = YES;
				CLANG_WARN_OBJC_ROOT_CLASS = YES_ERROR;
				CLANG_WARN_RANGE_LOOP_ANALYSIS = YES;
				CLANG_WARN_STRICT_PROTOTYPES = YES;
				CLANG_WARN_SUSPICIOUS_MOVE = YES;
				CLANG_WARN_UNGUARDED_AVAILABILITY = YES_AGGRESSIVE;
				CLANG_WARN_UNREACHABLE_CODE = YES;
				CLANG_WARN__DUPLICATE_METHOD_MATCH = YES;
				CODE_SIGN_IDENTITY = "iPhone Developer";
				COPY_PHASE_STRIP = NO;
				DEBUG_INFORMATION_FORMAT = dwarf;
				ENABLE_STRICT_OBJC_MSGSEND = YES;
				ENABLE_TESTABILITY = YES;
				GCC_C_LANGUAGE_STANDARD = gnu11;
				GCC_DYNAMIC_NO_PIC = NO;
				GCC_NO_COMMON_BLOCKS = YES;
				GCC_OPTIMIZATION_LEVEL = 0;
				GCC_PREPROCESSOR_DEFINITIONS = (
					"DEBUG=1",
					"$(inherited)",
				);
				GCC_WARN_64_TO_32_BIT_CONVERSION = YES;
				GCC_WARN_ABOUT_RETURN_TYPE = YES_ERROR;
				GCC_WARN_UNDECLARED_SELECTOR = YES;
				GCC_WARN_UNINITIALIZED_AUTOS = YES_AGGRESSIVE;
				GCC_WARN_UNUSED_FUNCTION = YES;
				GCC_WARN_UNUSED_VARIABLE = YES;
				IPHONEOS_DEPLOYMENT_TARGET = 12.1;
				MTL_ENABLE_DEBUG_INFO = INCLUDE_SOURCE;
				MTL_FAST_MATH = YES;
				ONLY_ACTIVE_ARCH = YES;
				SDKROOT = iphoneos;
				SWIFT_ACTIVE_COMPILATION_CONDITIONS = DEBUG;
				SWIFT_OPTIMIZATION_LEVEL = "-Onone";
			};
			name = Debug;
		};
		BEC80D132212E82600156B65 /* Release */ = {
			isa = XCBuildConfiguration;
			buildSettings = {
				ALWAYS_SEARCH_USER_PATHS = NO;
				CLANG_ANALYZER_NONNULL = YES;
				CLANG_ANALYZER_NUMBER_OBJECT_CONVERSION = YES_AGGRESSIVE;
				CLANG_CXX_LANGUAGE_STANDARD = "gnu++14";
				CLANG_CXX_LIBRARY = "libc++";
				CLANG_ENABLE_MODULES = YES;
				CLANG_ENABLE_OBJC_ARC = YES;
				CLANG_ENABLE_OBJC_WEAK = YES;
				CLANG_WARN_BLOCK_CAPTURE_AUTORELEASING = YES;
				CLANG_WARN_BOOL_CONVERSION = YES;
				CLANG_WARN_COMMA = YES;
				CLANG_WARN_CONSTANT_CONVERSION = YES;
				CLANG_WARN_DEPRECATED_OBJC_IMPLEMENTATIONS = YES;
				CLANG_WARN_DIRECT_OBJC_ISA_USAGE = YES_ERROR;
				CLANG_WARN_DOCUMENTATION_COMMENTS = YES;
				CLANG_WARN_EMPTY_BODY = YES;
				CLANG_WARN_ENUM_CONVERSION = YES;
				CLANG_WARN_INFINITE_RECURSION = YES;
				CLANG_WARN_INT_CONVERSION = YES;
				CLANG_WARN_NON_LITERAL_NULL_CONVERSION = YES;
				CLANG_WARN_OBJC_IMPLICIT_RETAIN_SELF = YES;
				CLANG_WARN_OBJC_LITERAL_CONVERSION = YES;
				CLANG_WARN_OBJC_ROOT_CLASS = YES_ERROR;
				CLANG_WARN_RANGE_LOOP_ANALYSIS = YES;
				CLANG_WARN_STRICT_PROTOTYPES = YES;
				CLANG_WARN_SUSPICIOUS_MOVE = YES;
				CLANG_WARN_UNGUARDED_AVAILABILITY = YES_AGGRESSIVE;
				CLANG_WARN_UNREACHABLE_CODE = YES;
				CLANG_WARN__DUPLICATE_METHOD_MATCH = YES;
				CODE_SIGN_IDENTITY = "iPhone Developer";
				COPY_PHASE_STRIP = NO;
				DEBUG_INFORMATION_FORMAT = "dwarf-with-dsym";
				ENABLE_NS_ASSERTIONS = NO;
				ENABLE_STRICT_OBJC_MSGSEND = YES;
				GCC_C_LANGUAGE_STANDARD = gnu11;
				GCC_NO_COMMON_BLOCKS = YES;
				GCC_WARN_64_TO_32_BIT_CONVERSION = YES;
				GCC_WARN_ABOUT_RETURN_TYPE = YES_ERROR;
				GCC_WARN_UNDECLARED_SELECTOR = YES;
				GCC_WARN_UNINITIALIZED_AUTOS = YES_AGGRESSIVE;
				GCC_WARN_UNUSED_FUNCTION = YES;
				GCC_WARN_UNUSED_VARIABLE = YES;
				IPHONEOS_DEPLOYMENT_TARGET = 12.1;
				MTL_ENABLE_DEBUG_INFO = NO;
				MTL_FAST_MATH = YES;
				SDKROOT = iphoneos;
				SWIFT_COMPILATION_MODE = wholemodule;
				SWIFT_OPTIMIZATION_LEVEL = "-O";
				VALIDATE_PRODUCT = YES;
			};
			name = Release;
		};
		BEC80D152212E82600156B65 /* Debug */ = {
			isa = XCBuildConfiguration;
			baseConfigurationReference = 94EBD862B0E994EFCBEB67E6 /* Pods-FlightClient.debug.xcconfig */;
			buildSettings = {
				ASSETCATALOG_COMPILER_APPICON_NAME = AppIcon;
				CODE_SIGN_STYLE = Automatic;
				DEVELOPMENT_TEAM = A88MEXG58P;
				INFOPLIST_FILE = FlightClient/Info.plist;
				LD_RUNPATH_SEARCH_PATHS = (
					"$(inherited)",
					"@executable_path/Frameworks",
				);
				PRODUCT_BUNDLE_IDENTIFIER = josegarcia.FlightClient;
				PRODUCT_NAME = "$(TARGET_NAME)";
				SWIFT_VERSION = 5.0;
				TARGETED_DEVICE_FAMILY = "1,2";
			};
			name = Debug;
		};
		BEC80D162212E82600156B65 /* Release */ = {
			isa = XCBuildConfiguration;
			baseConfigurationReference = 2981867433D9A73491B5B419 /* Pods-FlightClient.release.xcconfig */;
			buildSettings = {
				ASSETCATALOG_COMPILER_APPICON_NAME = AppIcon;
				CODE_SIGN_STYLE = Automatic;
				DEVELOPMENT_TEAM = A88MEXG58P;
				INFOPLIST_FILE = FlightClient/Info.plist;
				LD_RUNPATH_SEARCH_PATHS = (
					"$(inherited)",
					"@executable_path/Frameworks",
				);
				PRODUCT_BUNDLE_IDENTIFIER = josegarcia.FlightClient;
				PRODUCT_NAME = "$(TARGET_NAME)";
				SWIFT_VERSION = 5.0;
				TARGETED_DEVICE_FAMILY = "1,2";
			};
			name = Release;
		};
/* End XCBuildConfiguration section */

/* Begin XCConfigurationList section */
		BEC80CFD2212E82400156B65 /* Build configuration list for PBXProject "FlightClient" */ = {
			isa = XCConfigurationList;
			buildConfigurations = (
				BEC80D122212E82600156B65 /* Debug */,
				BEC80D132212E82600156B65 /* Release */,
			);
			defaultConfigurationIsVisible = 0;
			defaultConfigurationName = Release;
		};
		BEC80D142212E82600156B65 /* Build configuration list for PBXNativeTarget "FlightClient" */ = {
			isa = XCConfigurationList;
			buildConfigurations = (
				BEC80D152212E82600156B65 /* Debug */,
				BEC80D162212E82600156B65 /* Release */,
			);
			defaultConfigurationIsVisible = 0;
			defaultConfigurationName = Release;
		};
/* End XCConfigurationList section */
	};
	rootObject = BEC80CFA2212E82400156B65 /* Project object */;
}
